
Microsoft Visual Studio Solution File, Format Version 12.00
# Visual Studio Version 17
VisualStudioVersion = 17.4.33122.133
MinimumVisualStudioVersion = 10.0.40219.1
Project("{9A19103F-16F7-4668-BE54-9A1E7A4F7556}") = "ApiSistemaDeGestion", "ApiSistemaDeGestion.csproj", "{C9BB7F7B-396D-4589-B23F-73CEF2063E68}"
EndProject
Global
	GlobalSection(SolutionConfigurationPlatforms) = preSolution
		Debug|Any CPU = Debug|Any CPU
		Release|Any CPU = Release|Any CPU
	EndGlobalSection
	GlobalSection(ProjectConfigurationPlatforms) = postSolution
		{C9BB7F7B-396D-4589-B23F-73CEF2063E68}.Debug|Any CPU.ActiveCfg = Debug|Any CPU
		{C9BB7F7B-396D-4589-B23F-73CEF2063E68}.Debug|Any CPU.Build.0 = Debug|Any CPU
		{C9BB7F7B-396D-4589-B23F-73CEF2063E68}.Release|Any CPU.ActiveCfg = Release|Any CPU
		{C9BB7F7B-396D-4589-B23F-73CEF2063E68}.Release|Any CPU.Build.0 = Release|Any CPU
	EndGlobalSection
	GlobalSection(SolutionProperties) = preSolution
		HideSolutionNode = FALSE
	EndGlobalSection
	GlobalSection(ExtensibilityGlobals) = postSolution
		SolutionGuid = {7DCED6B7-AAA2-47BB-BF6F-A7C99B5DD738}
	EndGlobalSection
EndGlobal
